{
  "name": "zaynetro-assets",
  "version": "1.0.0",
  "lockfileVersion": 3,
  "requires": true,
  "packages": {
    "": {
      "name": "zaynetro-assets",
      "version": "1.0.0",
      "dependencies": {
        "@preact/signals": "^2.1.0",
        "@tabler/icons-preact": "^3.41.1",
        "marked": "^15.0.12",
        "preact": "^10.25.4"
      }
    },
    "node_modules/@preact/signals": {
      "version": "2.9.0",
      "resolved": "https://registry.npmjs.org/@preact/signals/-/signals-2.9.0.tgz",
      "integrity": "sha512-hYrY0KyUqkDgOl1qba/JGn6y81pXnurn21PMaxfcMwdncdZ3M/oVdmpTvEnsGjh48dIwDVc7bjWHqIsngSjYug==",
      "license": "MIT",
      "dependencies": {
        "@preact/signals-core": "^1.14.0"
      },
      "funding": {
        "type": "opencollective",
        "url": "https://opencollective.com/preact"
      },
      "peerDependencies": {
        "preact": ">= 10.25.0 || >=11.0.0-0"
      }
    },
    "node_modules/@preact/signals-core": {
      "version": "1.14.1",
      "resolved": "https://registry.npmjs.org/@preact/signals-core/-/signals-core-1.14.1.tgz",
      "integrity": "sha512-vxPpfXqrwUe9lpjqfYNjAF/0RF/eFGeLgdJzdmIIZjpOnTmGmAB4BjWone562mJGMRP4frU6iZ6ei3PDsu52Ng==",
      "license": "MIT",
      "funding": {
        "type": "opencollective",
        "url": "https://opencollective.com/preact"
      }
    },
    "node_modules/@tabler/icons": {
      "version": "3.41.1",
      "resolved": "https://registry.npmjs.org/@tabler/icons/-/icons-3.41.1.tgz",
      "integrity": "sha512-OaRnVbRmH2nHtFeg+RmMJ/7m2oBIF9XCJAUD5gQnMrpK9f05ydj8MZrAf3NZQqOXyxGN1UBL0D5IKLLEUfr74Q==",
      "license": "MIT",
      "funding": {
        "type": "github",
        "url": "https://github.com/sponsors/codecalm"
      }
    },
    "node_modules/@tabler/icons-preact": {
      "version": "3.41.1",
      "resolved": "https://registry.npmjs.org/@tabler/icons-preact/-/icons-preact-3.41.1.tgz",
      "integrity": "sha512-H27Fzpk3lgj/AC4waJ/YGFPrvrR5MXeLbPhl23V6GWWC8uJ27rU7DVVVNI6hFoKVjpl+KlkmH2SUPissy5LJ+w==",
      "license": "MIT",
      "dependencies": {
        "@tabler/icons": "3.41.1"
      },
      "funding": {
        "type": "github",
        "url": "https://github.com/sponsors/codecalm"
      },
      "peerDependencies": {
        "preact": "^10.5.13"
      }
    },
    "node_modules/marked": {
      "version": "15.0.12",
      "resolved": "https://registry.npmjs.org/marked/-/marked-15.0.12.tgz",
      "integrity": "sha512-8dD6FusOQSrpv9Z1rdNMdlSgQOIP880DHqnohobOmYLElGEqAL/JvxvuxZO16r4HtjTlfPRDC1hbvxC9dPN2nA==",
      "license": "MIT",
      "bin": {
        "marked": "bin/marked.js"
      },
      "engines": {
        "node": ">= 18"
      }
    },
    "node_modules/preact": {
      "version": "10.29.1",
      "resolved": "https://registry.npmjs.org/preact/-/preact-10.29.1.tgz",
      "integrity": "sha512-gQCLc/vWroE8lIpleXtdJhTFDogTdZG9AjMUpVkDf2iTCNwYNWA+u16dL41TqUDJO4gm2IgrcMv3uTpjd4Pwmg==",
      "license": "MIT",
      "funding": {
        "type": "opencollective",
        "url": "https://opencollective.com/preact"
      }
    }
  }
}
